github.com/dgrijalva/jwt-go v3.2.0+incompatible h1:7qlOGliEKZXTDg6OTjfoBKDXWrumCAMpl/TFQ4/5kLM=
github.com/dgrijalva/jwt-go v3.2.0+incompatible/go.mod h1:E3ru+11k8xSBh+hMPgOLZmtrrCbhqsmaPHjLKYnJCaQ=
github.com/graphql-go/graphql v0.7.8 h1:769CR/2JNAhLG9+aa8pfLkKdR0H+r5lsQqling5WwpU=
github.com/graphql-go/graphql v0.7.8/go.mod h1:k6yrAYQaSP59DC5UVxbgxESlmVyojThKdORUqGDGmrI=
github.com/graphql-go/handler v0.2.3 h1:CANh8WPnl5M9uA25c2GBhPqJhE53Fg0Iue/fRNla71E=
github.com/graphql-go/handler v0.2.3/go.mod h1:leLF6RpV5uZMN1CdImAxuiayrYYhOk33bZciaUGaXeU=
github.com/kabukky/httpscerts v0.0.0-20150320125433-617593d7dcb3 h1:Iy7Ifq2ysilWU4QlCx/97OoI4xT1IV7i8byT/EyIT/M=
github.com/kabukky/httpscerts v0.0.0-20150320125433-617593d7dcb3/go.mod h1:BYpt4ufZiIGv2nXn4gMxnfKV306n3mWXgNu/d2TqdTU=
github.com/niftynei/glightning v0.0.0-20190514204352-5c44d2707d4f h1:YIyRM8QuiikmxtCVyQGVS283OJkpIiXmBaApqpMIauk=
github.com/niftynei/glightning v0.0.0-20190514204352-5c44d2707d4f/go.mod h1:nOHtsM1ZfMwOxwl6LE72U611ozP+IBj/xVkJ+9vwtd4=
github.com/pkg/errors v0.8.1 h1:iURUrRGxPUNPdy5/HRSm+Yj6okJ6UtLINN0Q9M4+h3I=
github.com/pkg/errors v0.8.1/go.mod h1:bwawxfHBFNV+L2hUp1rHADufV3IMtnDRdf1r5NINEl0=
